// !$*UTF8*$!
{
	archiveVersion = 1;
	classes = {
	};
	objectVersion = 46;
	objects = {

/* Begin PBXBuildFile section */
		98A3FD691C140CFC00438A7A /* AppDelegate.swift in Sources */ = {isa = PBXBuildFile; fileRef = 98A3FD681C140CFC00438A7A /* AppDelegate.swift */; };
		98A3FD6E1C140CFC00438A7A /* Main.storyboard in Resources */ = {isa = PBXBuildFile; fileRef = 98A3FD6C1C140CFC00438A7A /* Main.storyboard */; };
		98A3FD701C140CFC00438A7A /* Assets.xcassets in Resources */ = {isa = PBXBuildFile; fileRef = 98A3FD6F1C140CFC00438A7A /* Assets.xcassets */; };
		98A3FD731C140CFC00438A7A /* LaunchScreen.storyboard in Resources */ = {isa = PBXBuildFile; fileRef = 98A3FD711C140CFC00438A7A /* LaunchScreen.storyboard */; };
		98A3FD7E1C140CFC00438A7A /* PartnerTests.swift in Sources */ = {isa = PBXBuildFile; fileRef = 98A3FD7D1C140CFC00438A7A /* PartnerTests.swift */; };
		98A3FD891C140CFC00438A7A /* PartnerUITests.swift in Sources */ = {isa = PBXBuildFile; fileRef = 98A3FD881C140CFC00438A7A /* PartnerUITests.swift */; };
		98A3FD971C140FD800438A7A /* PtnRootViewTabController.swift in Sources */ = {isa = PBXBuildFile; fileRef = 98A3FD961C140FD800438A7A /* PtnRootViewTabController.swift */; };
		98A3FD991C14114700438A7A /* PtnNavigationController.swift in Sources */ = {isa = PBXBuildFile; fileRef = 98A3FD981C14114700438A7A /* PtnNavigationController.swift */; };
		98A3FD9B1C145D7000438A7A /* PtnHistoryViewController.swift in Sources */ = {isa = PBXBuildFile; fileRef = 98A3FD9A1C145D7000438A7A /* PtnHistoryViewController.swift */; };
		98A3FD9D1C145DA700438A7A /* PtnSportsListViewController.swift in Sources */ = {isa = PBXBuildFile; fileRef = 98A3FD9C1C145DA700438A7A /* PtnSportsListViewController.swift */; };
		98A3FD9F1C145EE800438A7A /* PtnUserInfoViewController.swift in Sources */ = {isa = PBXBuildFile; fileRef = 98A3FD9E1C145EE800438A7A /* PtnUserInfoViewController.swift */; };
		98A3FDCD1C15AE2300438A7A /* 30 in Resources */ = {isa = PBXBuildFile; fileRef = 98A3FDCC1C15AE2300438A7A /* 30 */; };
		98A3FDCF1C15B14900438A7A /* 60 in Resources */ = {isa = PBXBuildFile; fileRef = 98A3FDCE1C15B14900438A7A /* 60 */; };
		98A3FDD21C15C4D700438A7A /* PtnSportListTableViewCell.swift in Sources */ = {isa = PBXBuildFile; fileRef = 98A3FDD01C15C4D700438A7A /* PtnSportListTableViewCell.swift */; };
		98A3FDD31C15C4D700438A7A /* PtnSportListTableViewCell.xib in Resources */ = {isa = PBXBuildFile; fileRef = 98A3FDD11C15C4D700438A7A /* PtnSportListTableViewCell.xib */; };
		98A3FDF51C179C9A00438A7A /* .gitignore in Resources */ = {isa = PBXBuildFile; fileRef = 98A3FDD51C179C9900438A7A /* .gitignore */; };
		98A3FDF61C179C9A00438A7A /* Info.plist in Resources */ = {isa = PBXBuildFile; fileRef = 98A3FDD61C179C9900438A7A /* Info.plist */; };
		98A3FDF71C179C9A00438A7A /* JSONJoy-Swift.podspec in Resources */ = {isa = PBXBuildFile; fileRef = 98A3FDD71C179C9900438A7A /* JSONJoy-Swift.podspec */; };
		98A3FDF81C179C9A00438A7A /* JSONJoy.swift in Sources */ = {isa = PBXBuildFile; fileRef = 98A3FDD91C179C9900438A7A /* JSONJoy.swift */; };
		98A3FDF91C179C9A00438A7A /* LICENSE in Resources */ = {isa = PBXBuildFile; fileRef = 98A3FDDD1C179C9A00438A7A /* LICENSE */; };
		98A3FDFA1C179C9A00438A7A /* README.md in Sources */ = {isa = PBXBuildFile; fileRef = 98A3FDDE1C179C9A00438A7A /* README.md */; };
		98A3FDFB1C179C9A00438A7A /* Info.plist in Resources */ = {isa = PBXBuildFile; fileRef = 98A3FDE01C179C9A00438A7A /* Info.plist */; };
		98A3FDFD1C179C9A00438A7A /* .gitignore in Resources */ = {isa = PBXBuildFile; fileRef = 98A3FDE31C179C9A00438A7A /* .gitignore */; };
		98A3FDFE1C179C9A00438A7A /* CHANGELOG.md in Sources */ = {isa = PBXBuildFile; fileRef = 98A3FDE41C179C9A00438A7A /* CHANGELOG.md */; };
		98A3FDFF1C179C9A00438A7A /* HTTPSecurity.swift in Sources */ = {isa = PBXBuildFile; fileRef = 98A3FDE51C179C9A00438A7A /* HTTPSecurity.swift */; };
		98A3FE001C179C9A00438A7A /* Info.plist in Resources */ = {isa = PBXBuildFile; fileRef = 98A3FDE61C179C9A00438A7A /* Info.plist */; };
		98A3FE011C179C9A00438A7A /* LICENSE in Resources */ = {isa = PBXBuildFile; fileRef = 98A3FDE71C179C9A00438A7A /* LICENSE */; };
		98A3FE021C179C9A00438A7A /* Operation.swift in Sources */ = {isa = PBXBuildFile; fileRef = 98A3FDE81C179C9A00438A7A /* Operation.swift */; };
		98A3FE031C179C9A00438A7A /* README.md in Sources */ = {isa = PBXBuildFile; fileRef = 98A3FDE91C179C9A00438A7A /* README.md */; };
		98A3FE041C179C9A00438A7A /* Request.swift in Sources */ = {isa = PBXBuildFile; fileRef = 98A3FDEA1C179C9A00438A7A /* Request.swift */; };
		98A3FE051C179C9A00438A7A /* StatusCode.swift in Sources */ = {isa = PBXBuildFile; fileRef = 98A3FDEB1C179C9A00438A7A /* StatusCode.swift */; };
		98A3FE061C179C9A00438A7A /* SwiftHTTP.podspec in Resources */ = {isa = PBXBuildFile; fileRef = 98A3FDED1C179C9A00438A7A /* SwiftHTTP.podspec */; };
		98A3FE071C179C9A00438A7A /* Info.plist in Resources */ = {isa = PBXBuildFile; fileRef = 98A3FDF21C179C9A00438A7A /* Info.plist */; };
		98A3FE091C179C9A00438A7A /* Upload.swift in Sources */ = {isa = PBXBuildFile; fileRef = 98A3FDF41C179C9A00438A7A /* Upload.swift */; };
		98A3FE221C179CBF00438A7A /* JSONJoy.framework in Frameworks */ = {isa = PBXBuildFile; fileRef = 98A3FE0F1C179C9B00438A7A /* JSONJoy.framework */; };
		98A3FE231C179CC400438A7A /* SwiftHTTP.framework in Frameworks */ = {isa = PBXBuildFile; fileRef = 98A3FE1B1C179C9B00438A7A /* SwiftHTTP.framework */; };
		98A3FE291C1857F900438A7A /* PtnActiveInfoQueryPDU.swift in Sources */ = {isa = PBXBuildFile; fileRef = 98A3FE251C1857F900438A7A /* PtnActiveInfoQueryPDU.swift */; };
		98A3FE2A1C1857F900438A7A /* PtnCommon.swift in Sources */ = {isa = PBXBuildFile; fileRef = 98A3FE261C1857F900438A7A /* PtnCommon.swift */; };
		98A3FE2B1C1857F900438A7A /* PtnEntity.swift in Sources */ = {isa = PBXBuildFile; fileRef = 98A3FE271C1857F900438A7A /* PtnEntity.swift */; };
		98A3FE2C1C1857F900438A7A /* PtnPDU.swift in Sources */ = {isa = PBXBuildFile; fileRef = 98A3FE281C1857F900438A7A /* PtnPDU.swift */; };
/* End PBXBuildFile section */

/* Begin PBXContainerItemProxy section */
		98A3FD7A1C140CFC00438A7A /* PBXContainerItemProxy */ = {
			isa = PBXContainerItemProxy;
			containerPortal = 98A3FD5D1C140CFB00438A7A /* Project object */;
			proxyType = 1;
			remoteGlobalIDString = 98A3FD641C140CFC00438A7A;
			remoteInfo = Partner;
		};
		98A3FD851C140CFC00438A7A /* PBXContainerItemProxy */ = {
			isa = PBXContainerItemProxy;
			containerPortal = 98A3FD5D1C140CFB00438A7A /* Project object */;
			proxyType = 1;
			remoteGlobalIDString = 98A3FD641C140CFC00438A7A;
			remoteInfo = Partner;
		};
		98A3FE0E1C179C9B00438A7A /* PBXContainerItemProxy */ = {
			isa = PBXContainerItemProxy;
			containerPortal = 98A3FDDA1C179C9900438A7A /* JSONJoy.xcodeproj */;
			proxyType = 2;
			remoteGlobalIDString = 6B3E79B719D355CF006071F7;
			remoteInfo = JSONJoy;
		};
		98A3FE101C179C9B00438A7A /* PBXContainerItemProxy */ = {
			isa = PBXContainerItemProxy;
			containerPortal = 98A3FDDA1C179C9900438A7A /* JSONJoy.xcodeproj */;
			proxyType = 2;
			remoteGlobalIDString = 6B3E79C219D355CF006071F7;
			remoteInfo = JSONJoyTests;
		};
		98A3FE121C179C9B00438A7A /* PBXContainerItemProxy */ = {
			isa = PBXContainerItemProxy;
			containerPortal = 98A3FDDA1C179C9900438A7A /* JSONJoy.xcodeproj */;
			proxyType = 2;
			remoteGlobalIDString = D958022E19E6ED8E003C8218;
			remoteInfo = JSONJoyOSX;
		};
		98A3FE141C179C9B00438A7A /* PBXContainerItemProxy */ = {
			isa = PBXContainerItemProxy;
			containerPortal = 98A3FDDA1C179C9900438A7A /* JSONJoy.xcodeproj */;
			proxyType = 2;
			remoteGlobalIDString = D958023819E6ED8E003C8218;
			remoteInfo = JSONJoyOSXTests;
		};
		98A3FE1A1C179C9B00438A7A /* PBXContainerItemProxy */ = {
			isa = PBXContainerItemProxy;
			containerPortal = 98A3FDEE1C179C9A00438A7A /* SwiftHTTP.xcodeproj */;
			proxyType = 2;
			remoteGlobalIDString = 6BFD901619C8D8B500DD99B6;
			remoteInfo = SwiftHTTP;
		};
		98A3FE1C1C179C9B00438A7A /* PBXContainerItemProxy */ = {
			isa = PBXContainerItemProxy;
			containerPortal = 98A3FDEE1C179C9A00438A7A /* SwiftHTTP.xcodeproj */;
			proxyType = 2;
			remoteGlobalIDString = 6BFD902119C8D8B500DD99B6;
			remoteInfo = SwiftHTTPTests;
		};
		98A3FE1E1C179C9B00438A7A /* PBXContainerItemProxy */ = {
			isa = PBXContainerItemProxy;
			containerPortal = 98A3FDEE1C179C9A00438A7A /* SwiftHTTP.xcodeproj */;
			proxyType = 2;
			remoteGlobalIDString = D958025919E6EEEB003C8218;
			remoteInfo = SwiftHTTPOSX;
		};
		98A3FE201C179C9B00438A7A /* PBXContainerItemProxy */ = {
			isa = PBXContainerItemProxy;
			containerPortal = 98A3FDEE1C179C9A00438A7A /* SwiftHTTP.xcodeproj */;
			proxyType = 2;
			remoteGlobalIDString = D958026319E6EEEB003C8218;
			remoteInfo = SwiftHTTPOSXTests;
		};
/* End PBXContainerItemProxy section */

/* Begin PBXFileReference section */
		98A3FD651C140CFC00438A7A /* Partner.app */ = {isa = PBXFileReference; explicitFileType = wrapper.application; includeInIndex = 0; path = Partner.app; sourceTree = BUILT_PRODUCTS_DIR; };
		98A3FD681C140CFC00438A7A /* AppDelegate.swift */ = {isa = PBXFileReference; lastKnownFileType = sourcecode.swift; path = AppDelegate.swift; sourceTree = "<group>"; };
		98A3FD6D1C140CFC00438A7A /* Base */ = {isa = PBXFileReference; lastKnownFileType = file.storyboard; name = Base; path = Base.lproj/Main.storyboard; sourceTree = "<group>"; };
		98A3FD6F1C140CFC00438A7A /* Assets.xcassets */ = {isa = PBXFileReference; lastKnownFileType = folder.assetcatalog; path = Assets.xcassets; sourceTree = "<group>"; };
		98A3FD721C140CFC00438A7A /* Base */ = {isa = PBXFileReference; lastKnownFileType = file.storyboard; name = Base; path = Base.lproj/LaunchScreen.storyboard; sourceTree = "<group>"; };
		98A3FD741C140CFC00438A7A /* Info.plist */ = {isa = PBXFileReference; lastKnownFileType = text.plist.xml; path = Info.plist; sourceTree = "<group>"; };
		98A3FD791C140CFC00438A7A /* PartnerTests.xctest */ = {isa = PBXFileReference; explicitFileType = wrapper.cfbundle; includeInIndex = 0; path = PartnerTests.xctest; sourceTree = BUILT_PRODUCTS_DIR; };
		98A3FD7D1C140CFC00438A7A /* PartnerTests.swift */ = {isa = PBXFileReference; lastKnownFileType = sourcecode.swift; path = PartnerTests.swift; sourceTree = "<group>"; };
		98A3FD7F1C140CFC00438A7A /* Info.plist */ = {isa = PBXFileReference; lastKnownFileType = text.plist.xml; path = Info.plist; sourceTree = "<group>"; };
		98A3FD841C140CFC00438A7A /* PartnerUITests.xctest */ = {isa = PBXFileReference; explicitFileType = wrapper.cfbundle; includeInIndex = 0; path = PartnerUITests.xctest; sourceTree = BUILT_PRODUCTS_DIR; };
		98A3FD881C140CFC00438A7A /* PartnerUITests.swift */ = {isa = PBXFileReference; lastKnownFileType = sourcecode.swift; path = PartnerUITests.swift; sourceTree = "<group>"; };
		98A3FD8A1C140CFD00438A7A /* Info.plist */ = {isa = PBXFileReference; lastKnownFileType = text.plist.xml; path = Info.plist; sourceTree = "<group>"; };
		98A3FD961C140FD800438A7A /* PtnRootViewTabController.swift */ = {isa = PBXFileReference; fileEncoding = 4; lastKnownFileType = sourcecode.swift; path = PtnRootViewTabController.swift; sourceTree = "<group>"; };
		98A3FD981C14114700438A7A /* PtnNavigationController.swift */ = {isa = PBXFileReference; fileEncoding = 4; lastKnownFileType = sourcecode.swift; path = PtnNavigationController.swift; sourceTree = "<group>"; };
		98A3FD9A1C145D7000438A7A /* PtnHistoryViewController.swift */ = {isa = PBXFileReference; fileEncoding = 4; lastKnownFileType = sourcecode.swift; path = PtnHistoryViewController.swift; sourceTree = "<group>"; };
		98A3FD9C1C145DA700438A7A /* PtnSportsListViewController.swift */ = {isa = PBXFileReference; fileEncoding = 4; lastKnownFileType = sourcecode.swift; path = PtnSportsListViewController.swift; sourceTree = "<group>"; };
		98A3FD9E1C145EE800438A7A /* PtnUserInfoViewController.swift */ = {isa = PBXFileReference; fileEncoding = 4; lastKnownFileType = sourcecode.swift; path = PtnUserInfoViewController.swift; sourceTree = "<group>"; };
		98A3FDCC1C15AE2300438A7A /* 30 */ = {isa = PBXFileReference; lastKnownFileType = folder; name = 30; path = pictures/30; sourceTree = SOURCE_ROOT; };
		98A3FDCE1C15B14900438A7A /* 60 */ = {isa = PBXFileReference; lastKnownFileType = folder; name = 60; path = pictures/60; sourceTree = SOURCE_ROOT; };
		98A3FDD01C15C4D700438A7A /* PtnSportListTableViewCell.swift */ = {isa = PBXFileReference; fileEncoding = 4; lastKnownFileType = sourcecode.swift; path = PtnSportListTableViewCell.swift; sourceTree = "<group>"; };
		98A3FDD11C15C4D700438A7A /* PtnSportListTableViewCell.xib */ = {isa = PBXFileReference; fileEncoding = 4; lastKnownFileType = file.xib; path = PtnSportListTableViewCell.xib; sourceTree = "<group>"; };
		98A3FDD51C179C9900438A7A /* .gitignore */ = {isa = PBXFileReference; fileEncoding = 4; lastKnownFileType = text; path = .gitignore; sourceTree = "<group>"; };
		98A3FDD61C179C9900438A7A /* Info.plist */ = {isa = PBXFileReference; fileEncoding = 4; lastKnownFileType = text.plist.xml; path = Info.plist; sourceTree = "<group>"; };
		98A3FDD71C179C9900438A7A /* JSONJoy-Swift.podspec */ = {isa = PBXFileReference; fileEncoding = 4; lastKnownFileType = text; path = "JSONJoy-Swift.podspec"; sourceTree = "<group>"; };
		98A3FDD81C179C9900438A7A /* JSONJoy.h */ = {isa = PBXFileReference; fileEncoding = 4; lastKnownFileType = sourcecode.c.h; path = JSONJoy.h; sourceTree = "<group>"; };
		98A3FDD91C179C9900438A7A /* JSONJoy.swift */ = {isa = PBXFileReference; fileEncoding = 4; lastKnownFileType = sourcecode.swift; path = JSONJoy.swift; sourceTree = "<group>"; };
		98A3FDDA1C179C9900438A7A /* JSONJoy.xcodeproj */ = {isa = PBXFileReference; lastKnownFileType = "wrapper.pb-project"; path = JSONJoy.xcodeproj; sourceTree = "<group>"; };
		98A3FDDD1C179C9A00438A7A /* LICENSE */ = {isa = PBXFileReference; fileEncoding = 4; lastKnownFileType = text; path = LICENSE; sourceTree = "<group>"; };
		98A3FDDE1C179C9A00438A7A /* README.md */ = {isa = PBXFileReference; fileEncoding = 4; lastKnownFileType = net.daringfireball.markdown; path = README.md; sourceTree = "<group>"; };
		98A3FDE01C179C9A00438A7A /* Info.plist */ = {isa = PBXFileReference; fileEncoding = 4; lastKnownFileType = text.plist.xml; path = Info.plist; sourceTree = "<group>"; };
		98A3FDE31C179C9A00438A7A /* .gitignore */ = {isa = PBXFileReference; fileEncoding = 4; lastKnownFileType = text; path = .gitignore; sourceTree = "<group>"; };
		98A3FDE41C179C9A00438A7A /* CHANGELOG.md */ = {isa = PBXFileReference; fileEncoding = 4; lastKnownFileType = net.daringfireball.markdown; path = CHANGELOG.md; sourceTree = "<group>"; };
		98A3FDE51C179C9A00438A7A /* HTTPSecurity.swift */ = {isa = PBXFileReference; fileEncoding = 4; lastKnownFileType = sourcecode.swift; path = HTTPSecurity.swift; sourceTree = "<group>"; };
		98A3FDE61C179C9A00438A7A /* Info.plist */ = {isa = PBXFileReference; fileEncoding = 4; lastKnownFileType = text.plist.xml; path = Info.plist; sourceTree = "<group>"; };
		98A3FDE71C179C9A00438A7A /* LICENSE */ = {isa = PBXFileReference; fileEncoding = 4; lastKnownFileType = text; path = LICENSE; sourceTree = "<group>"; };
		98A3FDE81C179C9A00438A7A /* Operation.swift */ = {isa = PBXFileReference; fileEncoding = 4; lastKnownFileType = sourcecode.swift; path = Operation.swift; sourceTree = "<group>"; };
		98A3FDE91C179C9A00438A7A /* README.md */ = {isa = PBXFileReference; fileEncoding = 4; lastKnownFileType = net.daringfireball.markdown; path = README.md; sourceTree = "<group>"; };
		98A3FDEA1C179C9A00438A7A /* Request.swift */ = {isa = PBXFileReference; fileEncoding = 4; lastKnownFileType = sourcecode.swift; path = Request.swift; sourceTree = "<group>"; };
		98A3FDEB1C179C9A00438A7A /* StatusCode.swift */ = {isa = PBXFileReference; fileEncoding = 4; lastKnownFileType = sourcecode.swift; path = StatusCode.swift; sourceTree = "<group>"; };
		98A3FDEC1C179C9A00438A7A /* SwiftHTTP.h */ = {isa = PBXFileReference; fileEncoding = 4; lastKnownFileType = sourcecode.c.h; path = SwiftHTTP.h; sourceTree = "<group>"; };
		98A3FDED1C179C9A00438A7A /* SwiftHTTP.podspec */ = {isa = PBXFileReference; fileEncoding = 4; lastKnownFileType = text; path = SwiftHTTP.podspec; sourceTree = "<group>"; };
		98A3FDEE1C179C9A00438A7A /* SwiftHTTP.xcodeproj */ = {isa = PBXFileReference; lastKnownFileType = "wrapper.pb-project"; path = SwiftHTTP.xcodeproj; sourceTree = "<group>"; };
		98A3FDF21C179C9A00438A7A /* Info.plist */ = {isa = PBXFileReference; fileEncoding = 4; lastKnownFileType = text.plist.xml; path = Info.plist; sourceTree = "<group>"; };
		98A3FDF41C179C9A00438A7A /* Upload.swift */ = {isa = PBXFileReference; fileEncoding = 4; lastKnownFileType = sourcecode.swift; path = Upload.swift; sourceTree = "<group>"; };
		98A3FE251C1857F900438A7A /* PtnActiveInfoQueryPDU.swift */ = {isa = PBXFileReference; fileEncoding = 4; lastKnownFileType = sourcecode.swift; path = PtnActiveInfoQueryPDU.swift; sourceTree = "<group>"; };
		98A3FE261C1857F900438A7A /* PtnCommon.swift */ = {isa = PBXFileReference; fileEncoding = 4; lastKnownFileType = sourcecode.swift; path = PtnCommon.swift; sourceTree = "<group>"; };
		98A3FE271C1857F900438A7A /* PtnEntity.swift */ = {isa = PBXFileReference; fileEncoding = 4; lastKnownFileType = sourcecode.swift; path = PtnEntity.swift; sourceTree = "<group>"; };
		98A3FE281C1857F900438A7A /* PtnPDU.swift */ = {isa = PBXFileReference; fileEncoding = 4; lastKnownFileType = sourcecode.swift; path = PtnPDU.swift; sourceTree = "<group>"; };
/* End PBXFileReference section */

/* Begin PBXFrameworksBuildPhase section */
		98A3FD621C140CFC00438A7A /* Frameworks */ = {
			isa = PBXFrameworksBuildPhase;
			buildActionMask = 2147483647;
			files = (
				98A3FE231C179CC400438A7A /* SwiftHTTP.framework in Frameworks */,
				98A3FE221C179CBF00438A7A /* JSONJoy.framework in Frameworks */,
			);
			runOnlyForDeploymentPostprocessing = 0;
		};
		98A3FD761C140CFC00438A7A /* Frameworks */ = {
			isa = PBXFrameworksBuildPhase;
			buildActionMask = 2147483647;
			files = (
			);
			runOnlyForDeploymentPostprocessing = 0;
		};
		98A3FD811C140CFC00438A7A /* Frameworks */ = {
			isa = PBXFrameworksBuildPhase;
			buildActionMask = 2147483647;
			files = (
			);
			runOnlyForDeploymentPostprocessing = 0;
		};
/* End PBXFrameworksBuildPhase section */

/* Begin PBXGroup section */
		98A3FD5C1C140CFB00438A7A = {
			isa = PBXGroup;
			children = (
				98A3FD671C140CFC00438A7A /* Partner */,
				98A3FD7C1C140CFC00438A7A /* PartnerTests */,
				98A3FD871C140CFC00438A7A /* PartnerUITests */,
				98A3FD661C140CFC00438A7A /* Products */,
			);
			sourceTree = "<group>";
		};
		98A3FD661C140CFC00438A7A /* Products */ = {
			isa = PBXGroup;
			children = (
				98A3FD651C140CFC00438A7A /* Partner.app */,
				98A3FD791C140CFC00438A7A /* PartnerTests.xctest */,
				98A3FD841C140CFC00438A7A /* PartnerUITests.xctest */,
			);
			name = Products;
			sourceTree = "<group>";
		};
		98A3FD671C140CFC00438A7A /* Partner */ = {
			isa = PBXGroup;
			children = (
				98A3FE241C1857F900438A7A /* Public */,
				98A3FDD41C179C9900438A7A /* JSONJoy */,
				98A3FDE21C179C9A00438A7A /* SwiftHTTP */,
				98A3FDCE1C15B14900438A7A /* 60 */,
				98A3FDCC1C15AE2300438A7A /* 30 */,
				98A3FD681C140CFC00438A7A /* AppDelegate.swift */,
				98A3FD9C1C145DA700438A7A /* PtnSportsListViewController.swift */,
				98A3FD9A1C145D7000438A7A /* PtnHistoryViewController.swift */,
				98A3FD9E1C145EE800438A7A /* PtnUserInfoViewController.swift */,
				98A3FD6C1C140CFC00438A7A /* Main.storyboard */,
				98A3FD6F1C140CFC00438A7A /* Assets.xcassets */,
				98A3FD711C140CFC00438A7A /* LaunchScreen.storyboard */,
				98A3FD741C140CFC00438A7A /* Info.plist */,
				98A3FD961C140FD800438A7A /* PtnRootViewTabController.swift */,
				98A3FD981C14114700438A7A /* PtnNavigationController.swift */,
				98A3FDD01C15C4D700438A7A /* PtnSportListTableViewCell.swift */,
				98A3FDD11C15C4D700438A7A /* PtnSportListTableViewCell.xib */,
			);
			path = Partner;
			sourceTree = "<group>";
		};
		98A3FD7C1C140CFC00438A7A /* PartnerTests */ = {
			isa = PBXGroup;
			children = (
				98A3FD7D1C140CFC00438A7A /* PartnerTests.swift */,
				98A3FD7F1C140CFC00438A7A /* Info.plist */,
			);
			path = PartnerTests;
			sourceTree = "<group>";
		};
		98A3FD871C140CFC00438A7A /* PartnerUITests */ = {
			isa = PBXGroup;
			children = (
				98A3FD881C140CFC00438A7A /* PartnerUITests.swift */,
				98A3FD8A1C140CFD00438A7A /* Info.plist */,
			);
			path = PartnerUITests;
			sourceTree = "<group>";
		};
		98A3FDD41C179C9900438A7A /* JSONJoy */ = {
			isa = PBXGroup;
			children = (
				98A3FDD51C179C9900438A7A /* .gitignore */,
				98A3FDD61C179C9900438A7A /* Info.plist */,
				98A3FDD71C179C9900438A7A /* JSONJoy-Swift.podspec */,
				98A3FDD81C179C9900438A7A /* JSONJoy.h */,
				98A3FDD91C179C9900438A7A /* JSONJoy.swift */,
				98A3FDDA1C179C9900438A7A /* JSONJoy.xcodeproj */,
				98A3FDDD1C179C9A00438A7A /* LICENSE */,
				98A3FDDE1C179C9A00438A7A /* README.md */,
				98A3FDDF1C179C9A00438A7A /* Tests */,
			);
			path = JSONJoy;
			sourceTree = "<group>";
		};
		98A3FDDB1C179C9900438A7A /* Products */ = {
			isa = PBXGroup;
			children = (
				98A3FE0F1C179C9B00438A7A /* JSONJoy.framework */,
				98A3FE111C179C9B00438A7A /* JSONJoyTests.xctest */,
				98A3FE131C179C9B00438A7A /* JSONJoy.framework */,
				98A3FE151C179C9B00438A7A /* JSONJoyOSXTests.xctest */,
			);
			name = Products;
			sourceTree = "<group>";
		};
		98A3FDDF1C179C9A00438A7A /* Tests */ = {
			isa = PBXGroup;
			children = (
				98A3FDE01C179C9A00438A7A /* Info.plist */,
			);
			path = Tests;
			sourceTree = "<group>";
		};
		98A3FDE21C179C9A00438A7A /* SwiftHTTP */ = {
			isa = PBXGroup;
			children = (
				98A3FDE31C179C9A00438A7A /* .gitignore */,
				98A3FDE41C179C9A00438A7A /* CHANGELOG.md */,
				98A3FDE51C179C9A00438A7A /* HTTPSecurity.swift */,
				98A3FDE61C179C9A00438A7A /* Info.plist */,
				98A3FDE71C179C9A00438A7A /* LICENSE */,
				98A3FDE81C179C9A00438A7A /* Operation.swift */,
				98A3FDE91C179C9A00438A7A /* README.md */,
				98A3FDEA1C179C9A00438A7A /* Request.swift */,
				98A3FDEB1C179C9A00438A7A /* StatusCode.swift */,
				98A3FDEC1C179C9A00438A7A /* SwiftHTTP.h */,
				98A3FDED1C179C9A00438A7A /* SwiftHTTP.podspec */,
				98A3FDEE1C179C9A00438A7A /* SwiftHTTP.xcodeproj */,
				98A3FDF11C179C9A00438A7A /* Tests */,
				98A3FDF41C179C9A00438A7A /* Upload.swift */,
			);
			path = SwiftHTTP;
			sourceTree = "<group>";
		};
		98A3FDEF1C179C9A00438A7A /* Products */ = {
			isa = PBXGroup;
			children = (
				98A3FE1B1C179C9B00438A7A /* SwiftHTTP.framework */,
				98A3FE1D1C179C9B00438A7A /* SwiftHTTPTests.xctest */,
				98A3FE1F1C179C9B00438A7A /* SwiftHTTP.framework */,
				98A3FE211C179C9B00438A7A /* SwiftHTTPOSXTests.xctest */,
			);
			name = Products;
			sourceTree = "<group>";
		};
		98A3FDF11C179C9A00438A7A /* Tests */ = {
			isa = PBXGroup;
			children = (
				98A3FDF21C179C9A00438A7A /* Info.plist */,
			);
			path = Tests;
			sourceTree = "<group>";
		};
		98A3FE241C1857F900438A7A /* Public */ = {
			isa = PBXGroup;
			children = (
				98A3FE251C1857F900438A7A /* PtnActiveInfoQueryPDU.swift */,
				98A3FE261C1857F900438A7A /* PtnCommon.swift */,
				98A3FE271C1857F900438A7A /* PtnEntity.swift */,
				98A3FE281C1857F900438A7A /* PtnPDU.swift */,
			);
			path = Public;
			sourceTree = "<group>";
		};
/* End PBXGroup section */

/* Begin PBXNativeTarget section */
		98A3FD641C140CFC00438A7A /* Partner */ = {
			isa = PBXNativeTarget;
			buildConfigurationList = 98A3FD8D1C140CFD00438A7A /* Build configuration list for PBXNativeTarget "Partner" */;
			buildPhases = (
				98A3FD611C140CFC00438A7A /* Sources */,
				98A3FD621C140CFC00438A7A /* Frameworks */,
				98A3FD631C140CFC00438A7A /* Resources */,
			);
			buildRules = (
			);
			dependencies = (
			);
			name = Partner;
			productName = Partner;
			productReference = 98A3FD651C140CFC00438A7A /* Partner.app */;
			productType = "com.apple.product-type.application";
		};
		98A3FD781C140CFC00438A7A /* PartnerTests */ = {
			isa = PBXNativeTarget;
			buildConfigurationList = 98A3FD901C140CFD00438A7A /* Build configuration list for PBXNativeTarget "PartnerTests" */;
			buildPhases = (
				98A3FD751C140CFC00438A7A /* Sources */,
				98A3FD761C140CFC00438A7A /* Frameworks */,
				98A3FD771C140CFC00438A7A /* Resources */,
			);
			buildRules = (
			);
			dependencies = (
				98A3FD7B1C140CFC00438A7A /* PBXTargetDependency */,
			);
			name = PartnerTests;
			productName = PartnerTests;
			productReference = 98A3FD791C140CFC00438A7A /* PartnerTests.xctest */;
			productType = "com.apple.product-type.bundle.unit-test";
		};
		98A3FD831C140CFC00438A7A /* PartnerUITests */ = {
			isa = PBXNativeTarget;
			buildConfigurationList = 98A3FD931C140CFD00438A7A /* Build configuration list for PBXNativeTarget "PartnerUITests" */;
			buildPhases = (
				98A3FD801C140CFC00438A7A /* Sources */,
				98A3FD811C140CFC00438A7A /* Frameworks */,
				98A3FD821C140CFC00438A7A /* Resources */,
			);
			buildRules = (
			);
			dependencies = (
				98A3FD861C140CFC00438A7A /* PBXTargetDependency */,
			);
			name = PartnerUITests;
			productName = PartnerUITests;
			productReference = 98A3FD841C140CFC00438A7A /* PartnerUITests.xctest */;
			productType = "com.apple.product-type.bundle.ui-testing";
		};
/* End PBXNativeTarget section */

/* Begin PBXProject section */
		98A3FD5D1C140CFB00438A7A /* Project object */ = {
			isa = PBXProject;
			attributes = {
				KnownAssetTags = (
					1,
					2,
					3,
				);
				LastSwiftUpdateCheck = 0710;
				LastUpgradeCheck = 0710;
				ORGANIZATIONNAME = "张宏台";
				TargetAttributes = {
					98A3FD641C140CFC00438A7A = {
						CreatedOnToolsVersion = 7.1.1;
						DevelopmentTeam = WHJNWK2JFE;
					};
					98A3FD781C140CFC00438A7A = {
						CreatedOnToolsVersion = 7.1.1;
						DevelopmentTeam = WHJNWK2JFE;
						TestTargetID = 98A3FD641C140CFC00438A7A;
					};
					98A3FD831C140CFC00438A7A = {
						CreatedOnToolsVersion = 7.1.1;
						DevelopmentTeam = WHJNWK2JFE;
						TestTargetID = 98A3FD641C140CFC00438A7A;
					};
				};
			};
			buildConfigurationList = 98A3FD601C140CFB00438A7A /* Build configuration list for PBXProject "Partner" */;
			compatibilityVersion = "Xcode 3.2";
			developmentRegion = English;
			hasScannedForEncodings = 0;
			knownRegions = (
				en,
				Base,
			);
			mainGroup = 98A3FD5C1C140CFB00438A7A;
			productRefGroup = 98A3FD661C140CFC00438A7A /* Products */;
			projectDirPath = "";
			projectReferences = (
				{
					ProductGroup = 98A3FDDB1C179C9900438A7A /* Products */;
					ProjectRef = 98A3FDDA1C179C9900438A7A /* JSONJoy.xcodeproj */;
				},
				{
					ProductGroup = 98A3FDEF1C179C9A00438A7A /* Products */;
					ProjectRef = 98A3FDEE1C179C9A00438A7A /* SwiftHTTP.xcodeproj */;
				},
			);
			projectRoot = "";
			targets = (
				98A3FD641C140CFC00438A7A /* Partner */,
				98A3FD781C140CFC00438A7A /* PartnerTests */,
				98A3FD831C140CFC00438A7A /* PartnerUITests */,
			);
		};
/* End PBXProject section */

/* Begin PBXReferenceProxy section */
		98A3FE0F1C179C9B00438A7A /* JSONJoy.framework */ = {
			isa = PBXReferenceProxy;
			fileType = wrapper.framework;
			path = JSONJoy.framework;
			remoteRef = 98A3FE0E1C179C9B00438A7A /* PBXContainerItemProxy */;
			sourceTree = BUILT_PRODUCTS_DIR;
		};
		98A3FE111C179C9B00438A7A /* JSONJoyTests.xctest */ = {
			isa = PBXReferenceProxy;
			fileType = wrapper.cfbundle;
			path = JSONJoyTests.xctest;
			remoteRef = 98A3FE101C179C9B00438A7A /* PBXContainerItemProxy */;
			sourceTree = BUILT_PRODUCTS_DIR;
		};
		98A3FE131C179C9B00438A7A /* JSONJoy.framework */ = {
			isa = PBXReferenceProxy;
			fileType = wrapper.framework;
			path = JSONJoy.framework;
			remoteRef = 98A3FE121C179C9B00438A7A /* PBXContainerItemProxy */;
			sourceTree = BUILT_PRODUCTS_DIR;
		};
		98A3FE151C179C9B00438A7A /* JSONJoyOSXTests.xctest */ = {
			isa = PBXReferenceProxy;
			fileType = wrapper.cfbundle;
			path = JSONJoyOSXTests.xctest;
			remoteRef = 98A3FE141C179C9B00438A7A /* PBXContainerItemProxy */;
			sourceTree = BUILT_PRODUCTS_DIR;
		};
		98A3FE1B1C179C9B00438A7A /* SwiftHTTP.framework */ = {
			isa = PBXReferenceProxy;
			fileType = wrapper.framework;
			path = SwiftHTTP.framework;
			remoteRef = 98A3FE1A1C179C9B00438A7A /* PBXContainerItemProxy */;
			sourceTree = BUILT_PRODUCTS_DIR;
		};
		98A3FE1D1C179C9B00438A7A /* SwiftHTTPTests.xctest */ = {
			isa = PBXReferenceProxy;
			fileType = wrapper.cfbundle;
			path = SwiftHTTPTests.xctest;
			remoteRef = 98A3FE1C1C179C9B00438A7A /* PBXContainerItemProxy */;
			sourceTree = BUILT_PRODUCTS_DIR;
		};
		98A3FE1F1C179C9B00438A7A /* SwiftHTTP.framework */ = {
			isa = PBXReferenceProxy;
			fileType = wrapper.framework;
			path = SwiftHTTP.framework;
			remoteRef = 98A3FE1E1C179C9B00438A7A /* PBXContainerItemProxy */;
			sourceTree = BUILT_PRODUCTS_DIR;
		};
		98A3FE211C179C9B00438A7A /* SwiftHTTPOSXTests.xctest */ = {
			isa = PBXReferenceProxy;
			fileType = wrapper.cfbundle;
			path = SwiftHTTPOSXTests.xctest;
			remoteRef = 98A3FE201C179C9B00438A7A /* PBXContainerItemProxy */;
			sourceTree = BUILT_PRODUCTS_DIR;
		};
/* End PBXReferenceProxy section */

/* Begin PBXResourcesBuildPhase section */
		98A3FD631C140CFC00438A7A /* Resources */ = {
			isa = PBXResourcesBuildPhase;
			buildActionMask = 2147483647;
			files = (
				98A3FE071C179C9A00438A7A /* Info.plist in Resources */,
				98A3FDF61C179C9A00438A7A /* Info.plist in Resources */,
				98A3FDCF1C15B14900438A7A /* 60 in Resources */,
				98A3FDF51C179C9A00438A7A /* .gitignore in Resources */,
				98A3FD731C140CFC00438A7A /* LaunchScreen.storyboard in Resources */,
				98A3FDFD1C179C9A00438A7A /* .gitignore in Resources */,
				98A3FDF91C179C9A00438A7A /* LICENSE in Resources */,
				98A3FDCD1C15AE2300438A7A /* 30 in Resources */,
				98A3FDD31C15C4D700438A7A /* PtnSportListTableViewCell.xib in Resources */,
				98A3FD701C140CFC00438A7A /* Assets.xcassets in Resources */,
				98A3FDFB1C179C9A00438A7A /* Info.plist in Resources */,
				98A3FE061C179C9A00438A7A /* SwiftHTTP.podspec in Resources */,
				98A3FE011C179C9A00438A7A /* LICENSE in Resources */,
				98A3FDF71C179C9A00438A7A /* JSONJoy-Swift.podspec in Resources */,
				98A3FD6E1C140CFC00438A7A /* Main.storyboard in Resources */,
				98A3FE001C179C9A00438A7A /* Info.plist in Resources */,
			);
			runOnlyForDeploymentPostprocessing = 0;
		};
		98A3FD771C140CFC00438A7A /* Resources */ = {
			isa = PBXResourcesBuildPhase;
			buildActionMask = 2147483647;
			files = (
			);
			runOnlyForDeploymentPostprocessing = 0;
		};
		98A3FD821C140CFC00438A7A /* Resources */ = {
			isa = PBXResourcesBuildPhase;
			buildActionMask = 2147483647;
			files = (
			);
			runOnlyForDeploymentPostprocessing = 0;
		};
/* End PBXResourcesBuildPhase section */

/* Begin PBXSourcesBuildPhase section */
		98A3FD611C140CFC00438A7A /* Sources */ = {
			isa = PBXSourcesBuildPhase;
			buildActionMask = 2147483647;
			files = (
				98A3FE2B1C1857F900438A7A /* PtnEntity.swift in Sources */,
				98A3FE091C179C9A00438A7A /* Upload.swift in Sources */,
				98A3FDD21C15C4D700438A7A /* PtnSportListTableViewCell.swift in Sources */,
				98A3FDFF1C179C9A00438A7A /* HTTPSecurity.swift in Sources */,
				98A3FD9D1C145DA700438A7A /* PtnSportsListViewController.swift in Sources */,
				98A3FDFE1C179C9A00438A7A /* CHANGELOG.md in Sources */,
				98A3FE2A1C1857F900438A7A /* PtnCommon.swift in Sources */,
				98A3FD9B1C145D7000438A7A /* PtnHistoryViewController.swift in Sources */,
				98A3FD9F1C145EE800438A7A /* PtnUserInfoViewController.swift in Sources */,
				98A3FDF81C179C9A00438A7A /* JSONJoy.swift in Sources */,
				98A3FE041C179C9A00438A7A /* Request.swift in Sources */,
				98A3FD971C140FD800438A7A /* PtnRootViewTabController.swift in Sources */,
				98A3FE051C179C9A00438A7A /* StatusCode.swift in Sources */,
				98A3FDFA1C179C9A00438A7A /* README.md in Sources */,
				98A3FE031C179C9A00438A7A /* README.md in Sources */,
				98A3FE021C179C9A00438A7A /* Operation.swift in Sources */,
				98A3FE291C1857F900438A7A /* PtnActiveInfoQueryPDU.swift in Sources */,
				98A3FD991C14114700438A7A /* PtnNavigationController.swift in Sources */,
				98A3FE2C1C1857F900438A7A /* PtnPDU.swift in Sources */,
				98A3FD691C140CFC00438A7A /* AppDelegate.swift in Sources */,
			);
			runOnlyForDeploymentPostprocessing = 0;
		};
		98A3FD751C140CFC00438A7A /* Sources */ = {
			isa = PBXSourcesBuildPhase;
			buildActionMask = 2147483647;
			files = (
				98A3FD7E1C140CFC00438A7A /* PartnerTests.swift in Sources */,
			);
			runOnlyForDeploymentPostprocessing = 0;
		};
		98A3FD801C140CFC00438A7A /* Sources */ = {
			isa = PBXSourcesBuildPhase;
			buildActionMask = 2147483647;
			files = (
				98A3FD891C140CFC00438A7A /* PartnerUITests.swift in Sources */,
			);
			runOnlyForDeploymentPostprocessing = 0;
		};
/* End PBXSourcesBuildPhase section */

/* Begin PBXTargetDependency section */
		98A3FD7B1C140CFC00438A7A /* PBXTargetDependency */ = {
			isa = PBXTargetDependency;
			target = 98A3FD641C140CFC00438A7A /* Partner */;
			targetProxy = 98A3FD7A1C140CFC00438A7A /* PBXContainerItemProxy */;
		};
		98A3FD861C140CFC00438A7A /* PBXTargetDependency */ = {
			isa = PBXTargetDependency;
			target = 98A3FD641C140CFC00438A7A /* Partner */;
			targetProxy = 98A3FD851C140CFC00438A7A /* PBXContainerItemProxy */;
		};
/* End PBXTargetDependency section */

/* Begin PBXVariantGroup section */
		98A3FD6C1C140CFC00438A7A /* Main.storyboard */ = {
			isa = PBXVariantGroup;
			children = (
				98A3FD6D1C140CFC00438A7A /* Base */,
			);
			name = Main.storyboard;
			sourceTree = "<group>";
		};
		98A3FD711C140CFC00438A7A /* LaunchScreen.storyboard */ = {
			isa = PBXVariantGroup;
			children = (
				98A3FD721C140CFC00438A7A /* Base */,
			);
			name = LaunchScreen.storyboard;
			sourceTree = "<group>";
		};
/* End PBXVariantGroup section */

/* Begin XCBuildConfiguration section */
		98A3FD8B1C140CFD00438A7A /* Debug */ = {
			isa = XCBuildConfiguration;
			buildSettings = {
				ALWAYS_SEARCH_USER_PATHS = NO;
				CLANG_CXX_LANGUAGE_STANDARD = "gnu++0x";
				CLANG_CXX_LIBRARY = "libc++";
				CLANG_ENABLE_MODULES = YES;
				CLANG_ENABLE_OBJC_ARC = YES;
				CLANG_WARN_BOOL_CONVERSION = YES;
				CLANG_WARN_CONSTANT_CONVERSION = YES;
				CLANG_WARN_DIRECT_OBJC_ISA_USAGE = YES_ERROR;
				CLANG_WARN_EMPTY_BODY = YES;
				CLANG_WARN_ENUM_CONVERSION = YES;
				CLANG_WARN_INT_CONVERSION = YES;
				CLANG_WARN_OBJC_ROOT_CLASS = YES_ERROR;
				CLANG_WARN_UNREACHABLE_CODE = YES;
				CLANG_WARN__DUPLICATE_METHOD_MATCH = YES;
				"CODE_SIGN_IDENTITY[sdk=iphoneos*]" = "iPhone Developer";
				COPY_PHASE_STRIP = NO;
				DEBUG_INFORMATION_FORMAT = dwarf;
				ENABLE_STRICT_OBJC_MSGSEND = YES;
				ENABLE_TESTABILITY = YES;
				GCC_C_LANGUAGE_STANDARD = gnu99;
				GCC_DYNAMIC_NO_PIC = NO;
				GCC_NO_COMMON_BLOCKS = YES;
				GCC_OPTIMIZATION_LEVEL = 0;
				GCC_PREPROCESSOR_DEFINITIONS = (
					"DEBUG=1",
					"$(inherited)",
				);
				GCC_WARN_64_TO_32_BIT_CONVERSION = YES;
				GCC_WARN_ABOUT_RETURN_TYPE = YES_ERROR;
				GCC_WARN_UNDECLARED_SELECTOR = YES;
				GCC_WARN_UNINITIALIZED_AUTOS = YES_AGGRESSIVE;
				GCC_WARN_UNUSED_FUNCTION = YES;
				GCC_WARN_UNUSED_VARIABLE = YES;
				IPHONEOS_DEPLOYMENT_TARGET = 9.1;
				MTL_ENABLE_DEBUG_INFO = YES;
				ONLY_ACTIVE_ARCH = YES;
				SDKROOT = iphoneos;
				SWIFT_OPTIMIZATION_LEVEL = "-Onone";
			};
			name = Debug;
		};
		98A3FD8C1C140CFD00438A7A /* Release */ = {
			isa = XCBuildConfiguration;
			buildSettings = {
				ALWAYS_SEARCH_USER_PATHS = NO;
				CLANG_CXX_LANGUAGE_STANDARD = "gnu++0x";
				CLANG_CXX_LIBRARY = "libc++";
				CLANG_ENABLE_MODULES = YES;
				CLANG_ENABLE_OBJC_ARC = YES;
				CLANG_WARN_BOOL_CONVERSION = YES;
				CLANG_WARN_CONSTANT_CONVERSION = YES;
				CLANG_WARN_DIRECT_OBJC_ISA_USAGE = YES_ERROR;
				CLANG_WARN_EMPTY_BODY = YES;
				CLANG_WARN_ENUM_CONVERSION = YES;
				CLANG_WARN_INT_CONVERSION = YES;
				CLANG_WARN_OBJC_ROOT_CLASS = YES_ERROR;
				CLANG_WARN_UNREACHABLE_CODE = YES;
				CLANG_WARN__DUPLICATE_METHOD_MATCH = YES;
				"CODE_SIGN_IDENTITY[sdk=iphoneos*]" = "iPhone Developer";
				COPY_PHASE_STRIP = NO;
				DEBUG_INFORMATION_FORMAT = "dwarf-with-dsym";
				ENABLE_NS_ASSERTIONS = NO;
				ENABLE_STRICT_OBJC_MSGSEND = YES;
				GCC_C_LANGUAGE_STANDARD = gnu99;
				GCC_NO_COMMON_BLOCKS = YES;
				GCC_WARN_64_TO_32_BIT_CONVERSION = YES;
				GCC_WARN_ABOUT_RETURN_TYPE = YES_ERROR;
				GCC_WARN_UNDECLARED_SELECTOR = YES;
				GCC_WARN_UNINITIALIZED_AUTOS = YES_AGGRESSIVE;
				GCC_WARN_UNUSED_FUNCTION = YES;
				GCC_WARN_UNUSED_VARIABLE = YES;
				IPHONEOS_DEPLOYMENT_TARGET = 9.1;
				MTL_ENABLE_DEBUG_INFO = NO;
				SDKROOT = iphoneos;
				VALIDATE_PRODUCT = YES;
			};
			name = Release;
		};
		98A3FD8E1C140CFD00438A7A /* Debug */ = {
			isa = XCBuildConfiguration;
			buildSettings = {
				ASSETCATALOG_COMPILER_APPICON_NAME = AppIcon;
				INFOPLIST_FILE = Partner/Info.plist;
				LD_RUNPATH_SEARCH_PATHS = "$(inherited) @executable_path/Frameworks";
				PRODUCT_BUNDLE_IDENTIFIER = GreatJone.Partner;
				PRODUCT_NAME = "$(TARGET_NAME)";
			};
			name = Debug;
		};
		98A3FD8F1C140CFD00438A7A /* Release */ = {
			isa = XCBuildConfiguration;
			buildSettings = {
				ASSETCATALOG_COMPILER_APPICON_NAME = AppIcon;
				INFOPLIST_FILE = Partner/Info.plist;
				LD_RUNPATH_SEARCH_PATHS = "$(inherited) @executable_path/Frameworks";
				PRODUCT_BUNDLE_IDENTIFIER = GreatJone.Partner;
				PRODUCT_NAME = "$(TARGET_NAME)";
			};
			name = Release;
		};
		98A3FD911C140CFD00438A7A /* Debug */ = {
			isa = XCBuildConfiguration;
			buildSettings = {
				BUNDLE_LOADER = "$(TEST_HOST)";
				INFOPLIST_FILE = PartnerTests/Info.plist;
				LD_RUNPATH_SEARCH_PATHS = "$(inherited) @executable_path/Frameworks @loader_path/Frameworks";
				PRODUCT_BUNDLE_IDENTIFIER = GreatJone.PartnerTests;
				PRODUCT_NAME = "$(TARGET_NAME)";
				TEST_HOST = "$(BUILT_PRODUCTS_DIR)/Partner.app/Partner";
			};
			name = Debug;
		};
		98A3FD921C140CFD00438A7A /* Release */ = {
			isa = XCBuildConfiguration;
			buildSettings = {
				BUNDLE_LOADER = "$(TEST_HOST)";
				INFOPLIST_FILE = PartnerTests/Info.plist;
				LD_RUNPATH_SEARCH_PATHS = "$(inherited) @executable_path/Frameworks @loader_path/Frameworks";
				PRODUCT_BUNDLE_IDENTIFIER = GreatJone.PartnerTests;
				PRODUCT_NAME = "$(TARGET_NAME)";
				TEST_HOST = "$(BUILT_PRODUCTS_DIR)/Partner.app/Partner";
			};
			name = Release;
		};
		98A3FD941C140CFD00438A7A /* Debug */ = {
			isa = XCBuildConfiguration;
			buildSettings = {
				INFOPLIST_FILE = PartnerUITests/Info.plist;
				LD_RUNPATH_SEARCH_PATHS = "$(inherited) @executable_path/Frameworks @loader_path/Frameworks";
				PRODUCT_BUNDLE_IDENTIFIER = GreatJone.PartnerUITests;
				PRODUCT_NAME = "$(TARGET_NAME)";
				TEST_TARGET_NAME = Partner;
				USES_XCTRUNNER = YES;
			};
			name = Debug;
		};
		98A3FD951C140CFD00438A7A /* Release */ = {
			isa = XCBuildConfiguration;
			buildSettings = {
				INFOPLIST_FILE = PartnerUITests/Info.plist;
				LD_RUNPATH_SEARCH_PATHS = "$(inherited) @executable_path/Frameworks @loader_path/Frameworks";
				PRODUCT_BUNDLE_IDENTIFIER = GreatJone.PartnerUITests;
				PRODUCT_NAME = "$(TARGET_NAME)";
				TEST_TARGET_NAME = Partner;
				USES_XCTRUNNER = YES;
			};
			name = Release;
		};
/* End XCBuildConfiguration section */

/* Begin XCConfigurationList section */
		98A3FD601C140CFB00438A7A /* Build configuration list for PBXProject "Partner" */ = {
			isa = XCConfigurationList;
			buildConfigurations = (
				98A3FD8B1C140CFD00438A7A /* Debug */,
				98A3FD8C1C140CFD00438A7A /* Release */,
			);
			defaultConfigurationIsVisible = 0;
			defaultConfigurationName = Release;
		};
		98A3FD8D1C140CFD00438A7A /* Build configuration list for PBXNativeTarget "Partner" */ = {
			isa = XCConfigurationList;
			buildConfigurations = (
				98A3FD8E1C140CFD00438A7A /* Debug */,
				98A3FD8F1C140CFD00438A7A /* Release */,
			);
			defaultConfigurationIsVisible = 0;
		};
		98A3FD901C140CFD00438A7A /* Build configuration list for PBXNativeTarget "PartnerTests" */ = {
			isa = XCConfigurationList;
			buildConfigurations = (
				98A3FD911C140CFD00438A7A /* Debug */,
				98A3FD921C140CFD00438A7A /* Release */,
			);
			defaultConfigurationIsVisible = 0;
		};
		98A3FD931C140CFD00438A7A /* Build configuration list for PBXNativeTarget "PartnerUITests" */ = {
			isa = XCConfigurationList;
			buildConfigurations = (
				98A3FD941C140CFD00438A7A /* Debug */,
				98A3FD951C140CFD00438A7A /* Release */,
			);
			defaultConfigurationIsVisible = 0;
		};
/* End XCConfigurationList section */
	};
	rootObject = 98A3FD5D1C140CFB00438A7A /* Project object */;
}
